{
  "name": "felix_junot",
  "lockfileVersion": 3,
  "requires": true,
  "packages": {
    "": {
      "dependencies": {
        "gravatar-url": "^4.0.1"
      }
    },
    "node_modules/blueimp-md5": {
      "version": "2.19.0",
      "resolved": "https://registry.npmjs.org/blueimp-md5/-/blueimp-md5-2.19.0.tgz",
      "integrity": "sha512-DRQrD6gJyy8FbiE4s+bDoXS9hiW3Vbx5uCdwvcCf3zLHL+Iv7LtGHLpr+GZV8rHG8tK766FGYBwRbu8pELTt+w=="
    },
    "node_modules/gravatar-url": {
      "version": "4.0.1",
      "resolved": "https://registry.npmjs.org/gravatar-url/-/gravatar-url-4.0.1.tgz",
      "integrity": "sha512-AiU83cghGg2D8vAUwrMXCByejkkm4RtLwMNGmPU7VhqBYhsxcBCV0SAzRpYNbUCpTci5v46J/KFKPmDYaG2oyA==",
      "dependencies": {
        "md5-hex": "^4.0.0",
        "type-fest": "^1.0.2"
      },
      "engines": {
        "node": ">=12"
      }
    },
    "node_modules/md5-hex": {
      "version": "4.0.0",
      "resolved": "https://registry.npmjs.org/md5-hex/-/md5-hex-4.0.0.tgz",
      "integrity": "sha512-di38zHPn4Tz8LCb5Lz8SpLb/20Hv23aPXpF4Bq1mR5r9JuCZQ/JpcDUxFfZF9Ur5GiUvqS5NQOkR+fm5cYZ0IQ==",
      "dependencies": {
        "blueimp-md5": "^2.18.0"
      },
      "engines": {
        "node": ">=12"
      },
      "funding": {
        "url": "https://github.com/sponsors/sindresorhus"
      }
    },
    "node_modules/type-fest": {
      "version": "1.4.0",
      "resolved": "https://registry.npmjs.org/type-fest/-/type-fest-1.4.0.tgz",
      "integrity": "sha512-yGSza74xk0UG8k+pLh5oeoYirvIiWo5t0/o3zHHAO2tRDiZcxWP7fywNlXhqb6/r6sWvwi+RsyQMWhVLe4BVuA==",
      "engines": {
        "node": ">=10"
      },
      "funding": {
        "url": "https://github.com/sponsors/sindresorhus"
      }
    }
  }
}
